
Microsoft Visual Studio Solution File, Format Version 12.00
# Visual Studio Version 17
VisualStudioVersion = 17.6.33829.357
MinimumVisualStudioVersion = 10.0.40219.1
Project("{FAE04EC0-301F-11D3-BF4B-00C04F79EFBC}") = "Usuarios", "Usuarios.csproj", "{B488A40F-A247-4D13-8D63-2C69261355CC}"
EndProject
Global
	GlobalSection(SolutionConfigurationPlatforms) = preSolution
		Debug|Any CPU = Debug|Any CPU
		Release|Any CPU = Release|Any CPU
	EndGlobalSection
	GlobalSection(ProjectConfigurationPlatforms) = postSolution
		{B488A40F-A247-4D13-8D63-2C69261355CC}.Debug|Any CPU.ActiveCfg = Debug|Any CPU
		{B488A40F-A247-4D13-8D63-2C69261355CC}.Debug|Any CPU.Build.0 = Debug|Any CPU
		{B488A40F-A247-4D13-8D63-2C69261355CC}.Release|Any CPU.ActiveCfg = Release|Any CPU
		{B488A40F-A247-4D13-8D63-2C69261355CC}.Release|Any CPU.Build.0 = Release|Any CPU
	EndGlobalSection
	GlobalSection(SolutionProperties) = preSolution
		HideSolutionNode = FALSE
	EndGlobalSection
	GlobalSection(ExtensibilityGlobals) = postSolution
		SolutionGuid = {AAE9E848-4BCD-413D-9382-0A8813C3EE08}
	EndGlobalSection
EndGlobal
